{
  "name": "photo-sorter-by-date-and-type",
  "version": "1.0.0",
  "lockfileVersion": 2,
  "requires": true,
  "packages": {
    "": {
      "name": "photo-sorter-by-date-and-type",
      "version": "1.0.0",
      "license": "ISC",
      "dependencies": {
        "exif-reader": "^1.2.0",
        "exiftool-vendored": "^21.5.1",
        "fast-exif": "^2.0.1"
      }
    },
    "node_modules/@photostructure/tz-lookup": {
      "version": "7.0.0",
      "resolved": "https://registry.npmjs.org/@photostructure/tz-lookup/-/tz-lookup-7.0.0.tgz",
      "integrity": "sha512-pTRsZz7Sn4yAtItC7I4+0segDHosMyOtJgAXg+xvDOolT0Xz4IFWqBV33OMCWoaNd3oQb60wbWhLeCQgJCyZAA=="
    },
    "node_modules/@types/luxon": {
      "version": "3.3.0",
      "resolved": "https://registry.npmjs.org/@types/luxon/-/luxon-3.3.0.tgz",
      "integrity": "sha512-uKRI5QORDnrGFYgcdAVnHvEIvEZ8noTpP/Bg+HeUzZghwinDlIS87DEenV5r1YoOF9G4x600YsUXLWZ19rmTmg=="
    },
    "node_modules/batch-cluster": {
      "version": "12.1.0",
      "resolved": "https://registry.npmjs.org/batch-cluster/-/batch-cluster-12.1.0.tgz",
      "integrity": "sha512-whGyJU4tr7kyg2USByu0/51mML5HsLAeNz5s03kMDYZNsQsGgDJgI47RdY3r7MciCjPkTaTD5O4eOVqOfEO7pg==",
      "engines": {
        "node": ">=14"
      }
    },
    "node_modules/exif-reader": {
      "version": "1.2.0",
      "resolved": "https://registry.npmjs.org/exif-reader/-/exif-reader-1.2.0.tgz",
      "integrity": "sha512-C9jsLWxaUh9/gNwo9Ouf9jxP0vGn/2vkhu89wbPFyFfpfl8WPbwLrvrb7h9Q6oVvkyvA+e4lXgOllW+/bAk0RQ=="
    },
    "node_modules/exiftool-vendored": {
      "version": "21.5.1",
      "resolved": "https://registry.npmjs.org/exiftool-vendored/-/exiftool-vendored-21.5.1.tgz",
      "integrity": "sha512-6Wu1J28hoCNLk0oWlyS1hOY8g/qNBWAVwbDamNczQxZgLFJfmY6ajHFuoBmpHoy32wbWzczAVsVpwqKTwtcIuA==",
      "dependencies": {
        "@photostructure/tz-lookup": "^7.0.0",
        "@types/luxon": "^3.3.0",
        "batch-cluster": "^12.1.0",
        "he": "^1.2.0",
        "luxon": "^3.3.0"
      },
      "optionalDependencies": {
        "exiftool-vendored.exe": "12.60.0",
        "exiftool-vendored.pl": "12.60.0"
      }
    },
    "node_modules/exiftool-vendored.exe": {
      "version": "12.60.0",
      "resolved": "https://registry.npmjs.org/exiftool-vendored.exe/-/exiftool-vendored.exe-12.60.0.tgz",
      "integrity": "sha512-i+ZBzP/UEc6l0mBj1V/IjmIhlorpcFT0ngL1WmeJORJLCExPWviMZdOEk38MjPAgBV1DtJxyxZ/fYTL7xVdrXA==",
      "optional": true,
      "os": [
        "win32"
      ]
    },
    "node_modules/exiftool-vendored.pl": {
      "version": "12.60.0",
      "resolved": "https://registry.npmjs.org/exiftool-vendored.pl/-/exiftool-vendored.pl-12.60.0.tgz",
      "integrity": "sha512-u2f7vs10W+tjLeGPflgb3WSDfNPQVexEa60H1r5cqe+RnLXpPgxZ+BycDtp5Vp5aDAElbdSntKoYIufu3hEUSg==",
      "optional": true,
      "os": [
        "!win32"
      ]
    },
    "node_modules/fast-exif": {
      "version": "2.0.1",
      "resolved": "https://registry.npmjs.org/fast-exif/-/fast-exif-2.0.1.tgz",
      "integrity": "sha512-ZE5taRKcU36RqaVbEUdCeGt7KBgRZhRGaf3o3LTC9I672JPtTCin59BqeuyGZSYxQB4J2KFpb6TDtMU0qfJzcA==",
      "dependencies": {
        "exif-reader": "1.2.0"
      }
    },
    "node_modules/he": {
      "version": "1.2.0",
      "resolved": "https://registry.npmjs.org/he/-/he-1.2.0.tgz",
      "integrity": "sha512-F/1DnUGPopORZi0ni+CvrCgHQ5FyEAHRLSApuYWMmrbSwoN2Mn/7k+Gl38gJnR7yyDZk6WLXwiGod1JOWNDKGw==",
      "bin": {
        "he": "bin/he"
      }
    },
    "node_modules/luxon": {
      "version": "3.3.0",
      "resolved": "https://registry.npmjs.org/luxon/-/luxon-3.3.0.tgz",
      "integrity": "sha512-An0UCfG/rSiqtAIiBPO0Y9/zAnHUZxAMiCpTd5h2smgsj7GGmcenvrvww2cqNA8/4A5ZrD1gJpHN2mIHZQF+Mg==",
      "engines": {
        "node": ">=12"
      }
    }
  },
  "dependencies": {
    "@photostructure/tz-lookup": {
      "version": "7.0.0",
      "resolved": "https://registry.npmjs.org/@photostructure/tz-lookup/-/tz-lookup-7.0.0.tgz",
      "integrity": "sha512-pTRsZz7Sn4yAtItC7I4+0segDHosMyOtJgAXg+xvDOolT0Xz4IFWqBV33OMCWoaNd3oQb60wbWhLeCQgJCyZAA=="
    },
    "@types/luxon": {
      "version": "3.3.0",
      "resolved": "https://registry.npmjs.org/@types/luxon/-/luxon-3.3.0.tgz",
      "integrity": "sha512-uKRI5QORDnrGFYgcdAVnHvEIvEZ8noTpP/Bg+HeUzZghwinDlIS87DEenV5r1YoOF9G4x600YsUXLWZ19rmTmg=="
    },
    "batch-cluster": {
      "version": "12.1.0",
      "resolved": "https://registry.npmjs.org/batch-cluster/-/batch-cluster-12.1.0.tgz",
      "integrity": "sha512-whGyJU4tr7kyg2USByu0/51mML5HsLAeNz5s03kMDYZNsQsGgDJgI47RdY3r7MciCjPkTaTD5O4eOVqOfEO7pg=="
    },
    "exif-reader": {
      "version": "1.2.0",
      "resolved": "https://registry.npmjs.org/exif-reader/-/exif-reader-1.2.0.tgz",
      "integrity": "sha512-C9jsLWxaUh9/gNwo9Ouf9jxP0vGn/2vkhu89wbPFyFfpfl8WPbwLrvrb7h9Q6oVvkyvA+e4lXgOllW+/bAk0RQ=="
    },
    "exiftool-vendored": {
      "version": "21.5.1",
      "resolved": "https://registry.npmjs.org/exiftool-vendored/-/exiftool-vendored-21.5.1.tgz",
      "integrity": "sha512-6Wu1J28hoCNLk0oWlyS1hOY8g/qNBWAVwbDamNczQxZgLFJfmY6ajHFuoBmpHoy32wbWzczAVsVpwqKTwtcIuA==",
      "requires": {
        "@photostructure/tz-lookup": "^7.0.0",
        "@types/luxon": "^3.3.0",
        "batch-cluster": "^12.1.0",
        "exiftool-vendored.exe": "12.60.0",
        "exiftool-vendored.pl": "12.60.0",
        "he": "^1.2.0",
        "luxon": "^3.3.0"
      }
    },
    "exiftool-vendored.exe": {
      "version": "12.60.0",
      "resolved": "https://registry.npmjs.org/exiftool-vendored.exe/-/exiftool-vendored.exe-12.60.0.tgz",
      "integrity": "sha512-i+ZBzP/UEc6l0mBj1V/IjmIhlorpcFT0ngL1WmeJORJLCExPWviMZdOEk38MjPAgBV1DtJxyxZ/fYTL7xVdrXA==",
      "optional": true
    },
    "exiftool-vendored.pl": {
      "version": "12.60.0",
      "resolved": "https://registry.npmjs.org/exiftool-vendored.pl/-/exiftool-vendored.pl-12.60.0.tgz",
      "integrity": "sha512-u2f7vs10W+tjLeGPflgb3WSDfNPQVexEa60H1r5cqe+RnLXpPgxZ+BycDtp5Vp5aDAElbdSntKoYIufu3hEUSg==",
      "optional": true
    },
    "fast-exif": {
      "version": "2.0.1",
      "resolved": "https://registry.npmjs.org/fast-exif/-/fast-exif-2.0.1.tgz",
      "integrity": "sha512-ZE5taRKcU36RqaVbEUdCeGt7KBgRZhRGaf3o3LTC9I672JPtTCin59BqeuyGZSYxQB4J2KFpb6TDtMU0qfJzcA==",
      "requires": {
        "exif-reader": "1.2.0"
      }
    },
    "he": {
      "version": "1.2.0",
      "resolved": "https://registry.npmjs.org/he/-/he-1.2.0.tgz",
      "integrity": "sha512-F/1DnUGPopORZi0ni+CvrCgHQ5FyEAHRLSApuYWMmrbSwoN2Mn/7k+Gl38gJnR7yyDZk6WLXwiGod1JOWNDKGw=="
    },
    "luxon": {
      "version": "3.3.0",
      "resolved": "https://registry.npmjs.org/luxon/-/luxon-3.3.0.tgz",
      "integrity": "sha512-An0UCfG/rSiqtAIiBPO0Y9/zAnHUZxAMiCpTd5h2smgsj7GGmcenvrvww2cqNA8/4A5ZrD1gJpHN2mIHZQF+Mg=="
    }
  }
}
